// !$*UTF8*$!
{
	archiveVersion = 1;
	classes = {
	};
	objectVersion = 77;
	objects = {

/* Begin PBXBuildFile section */
		0177C20083BA40361B5D8357 /* PoCTheme.swift in Sources */ = {isa = PBXBuildFile; fileRef = DCECC37CDD6888EFEED98103 /* PoCTheme.swift */; };
		05C971E39F0E9F27DEE8BFD2 /* ConversationGenerationQualityEvaluator.swift in Sources */ = {isa = PBXBuildFile; fileRef = 3AA076DAADD4E9254D26E848 /* ConversationGenerationQualityEvaluator.swift */; };
		0E772F5389D316589C1A49C9 /* MomentHubView.swift in Sources */ = {isa = PBXBuildFile; fileRef = 388C78BB098F364567489635 /* MomentHubView.swift */; };
		1CC2913D50C8A5A5061C7BFB /* Assets.xcassets in Resources */ = {isa = PBXBuildFile; fileRef = 127199D3AA0304B27FA17D25 /* Assets.xcassets */; };
		2066B4D34FA8CA05F69C4B8B /* AppSplashView.swift in Sources */ = {isa = PBXBuildFile; fileRef = C30EC856E0E4EF5A54F8C895 /* AppSplashView.swift */; };
		26C9B7580721AA1C061252CD /* LocalCharacterNotificationScheduler.swift in Sources */ = {isa = PBXBuildFile; fileRef = 9B58E5A78B4BBFEEBF827D9C /* LocalCharacterNotificationScheduler.swift */; };
		271CF747158EE0619AA6B6E8 /* MainTabView.swift in Sources */ = {isa = PBXBuildFile; fileRef = 6E33F13892BF424009BB58BC /* MainTabView.swift */; };
		31EA3FC32CE05787A72B976C /* SignalHomeView.swift in Sources */ = {isa = PBXBuildFile; fileRef = 63B8555352F27C9C7F86D0D7 /* SignalHomeView.swift */; };
		35716BE2EF778FD46907A148 /* MyView.swift in Sources */ = {isa = PBXBuildFile; fileRef = 78476A10C8C1B744508C01B5 /* MyView.swift */; };
		3BB60FD6DBFCA363C8847045 /* LoveyMomentStore+Experience.swift in Sources */ = {isa = PBXBuildFile; fileRef = 84ED66003A23B6636698DADF /* LoveyMomentStore+Experience.swift */; };
		40813AF7040D1C235232196B /* MockDatingSignalAnalyzer.swift in Sources */ = {isa = PBXBuildFile; fileRef = 4A4656AADFC8AB09D9F808E5 /* MockDatingSignalAnalyzer.swift */; };
		492E1534F4D72D9216EE15D1 /* CharacterNotificationModels.swift in Sources */ = {isa = PBXBuildFile; fileRef = 1BB0C70E8B64294EE418327A /* CharacterNotificationModels.swift */; };
		4BF063AF97C69073CBB8FCE8 /* CharacterAvatarView.swift in Sources */ = {isa = PBXBuildFile; fileRef = 91F06DD17AEC4E04663DCFA1 /* CharacterAvatarView.swift */; };
		527E041842BF202B29B5D490 /* HighQualityNarrativeConversationGenerator.swift in Sources */ = {isa = PBXBuildFile; fileRef = EF470E0692C51D0900A68B9D /* HighQualityNarrativeConversationGenerator.swift */; };
		53E04C01A2002C79ACF1DB0F /* FavoriteConversationSelectionView.swift in Sources */ = {isa = PBXBuildFile; fileRef = 9E6DAE33A7EB0F95C60136F9 /* FavoriteConversationSelectionView.swift */; };
		559B765DB81CBBA71D941F58 /* HomeView.swift in Sources */ = {isa = PBXBuildFile; fileRef = B420378420A5E5187EE80A95 /* HomeView.swift */; };
		5D0A77F2E89CF3E91B2895DD /* LoveyMomentStore.swift in Sources */ = {isa = PBXBuildFile; fileRef = 5B503A4223820F28198CB7CC /* LoveyMomentStore.swift */; };
		5FA24C3232D0E33562E872A2 /* ServerLLMConversationGenerator.swift in Sources */ = {isa = PBXBuildFile; fileRef = 5AC4A34E0B09A0B25E789B75 /* ServerLLMConversationGenerator.swift */; };
		67028C47EDF174218E45343D /* LocalConversationScenarioGenerator.swift in Sources */ = {isa = PBXBuildFile; fileRef = 10CA79944D06F96FEA57D9C1 /* LocalConversationScenarioGenerator.swift */; };
		6ACCD2690AC7666D1C90E316 /* MomentPreviewView.swift in Sources */ = {isa = PBXBuildFile; fileRef = 8CC57B199A0674AF86241854 /* MomentPreviewView.swift */; };
		6C3EF619A88BA8A6495BF3BA /* CharacterDetailView.swift in Sources */ = {isa = PBXBuildFile; fileRef = 2DB05FF42AF50ADBFED31126 /* CharacterDetailView.swift */; };
		6EEBE1EC7311F46100CE21AA /* PoCBadgeView.swift in Sources */ = {isa = PBXBuildFile; fileRef = D3542A0C7BE61E5C019FAF26 /* PoCBadgeView.swift */; };
		71376EF8C2EA38A8809CC674 /* MomentAnalysisView.swift in Sources */ = {isa = PBXBuildFile; fileRef = E1BED172C993EFAB9EA8E4E1 /* MomentAnalysisView.swift */; };
		72C6DB330AD37099B25285A3 /* HealthKitSleepSignalProvider.swift in Sources */ = {isa = PBXBuildFile; fileRef = 8A6E73582EF476A0DAB98139 /* HealthKitSleepSignalProvider.swift */; };
		81BC25DB547369D2140B0273 /* AppRootView.swift in Sources */ = {isa = PBXBuildFile; fileRef = 299D5F60FF2715D9564EC708 /* AppRootView.swift */; };
		83482EF4450403840159CA08 /* AppEnvironment.swift in Sources */ = {isa = PBXBuildFile; fileRef = 70F4516D442D1B0D1A04D741 /* AppEnvironment.swift */; };
		83778C4645E8841EFD372331 /* CharacterWorldListView.swift in Sources */ = {isa = PBXBuildFile; fileRef = ECF6B090A0AAF8B623C4FE04 /* CharacterWorldListView.swift */; };
		84C0D7E94B70786CAD08366A /* PoCDiagnosticsView.swift in Sources */ = {isa = PBXBuildFile; fileRef = C0BC50702DFBD3BF19C0ED09 /* PoCDiagnosticsView.swift */; };
		85A762422A0B83396592DEBB /* CharacterNotificationComposer.swift in Sources */ = {isa = PBXBuildFile; fileRef = EDA93FBE0064C9D9175BD8F4 /* CharacterNotificationComposer.swift */; };
		85D6C786D0ED5D4C9FDF0FE0 /* NativeFoundationModelConversationGenerator.swift in Sources */ = {isa = PBXBuildFile; fileRef = E8784153DE228283BBF31C15 /* NativeFoundationModelConversationGenerator.swift */; };
		900F85F047AAC58BABCD505A /* LoveyMomentStore+DatingSignal.swift in Sources */ = {isa = PBXBuildFile; fileRef = C8D618B59653700CBF7EB6F6 /* LoveyMomentStore+DatingSignal.swift */; };
		A009405CBD3C6FAB06295ABF /* CharacterPortraitView.swift in Sources */ = {isa = PBXBuildFile; fileRef = 98909F8F15F8402D15F4D590 /* CharacterPortraitView.swift */; };
		A49B21644E4BDE8E89D741B3 /* HomeSearchView.swift in Sources */ = {isa = PBXBuildFile; fileRef = 2CBDEA8F20D9EB275F51A4BE /* HomeSearchView.swift */; };
		AC994D3C96C02F76DC8D44E7 /* ChatListView.swift in Sources */ = {isa = PBXBuildFile; fileRef = 8581459A76AE7B4FDCD4D094 /* ChatListView.swift */; };
		B087FA05A0CC1BC8EDF246AA /* AppNotificationDelegate.swift in Sources */ = {isa = PBXBuildFile; fileRef = 0471D673E5398DF9E773F02A /* AppNotificationDelegate.swift */; };
		B4181153C88B0594E8490287 /* ConversationOutputSanitizer.swift in Sources */ = {isa = PBXBuildFile; fileRef = CEA1397019363C81E43DE509 /* ConversationOutputSanitizer.swift */; };
		B7E4F190291AFA7A632226EC /* MockSleepSignalProvider.swift in Sources */ = {isa = PBXBuildFile; fileRef = 2AA496281036FA08D3FA9711 /* MockSleepSignalProvider.swift */; };
		BD9DCD32AFB54075C937FFC8 /* ChatView.swift in Sources */ = {isa = PBXBuildFile; fileRef = 31DE4F02563DE58577657ACD /* ChatView.swift */; };
		C1751AF50D2E4FF0E4B9E29C /* MockCharacterRepository.swift in Sources */ = {isa = PBXBuildFile; fileRef = E2C8D2002EE89A070898CA0A /* MockCharacterRepository.swift */; };
		C32C04E637866FEFFC5988C2 /* InAppMomentPreviewScheduler.swift in Sources */ = {isa = PBXBuildFile; fileRef = 0E0C5159481FC9B9292F90C3 /* InAppMomentPreviewScheduler.swift */; };
		C49158234D322326A81EB6CB /* DatingSignalConsentView.swift in Sources */ = {isa = PBXBuildFile; fileRef = 21BBC5DCB0248C9F74FCEE10 /* DatingSignalConsentView.swift */; };
		CC4A9E24F570532CA3A38861 /* DatingCandidateAvatarView.swift in Sources */ = {isa = PBXBuildFile; fileRef = 3E83228FD09D4E2EF12237F3 /* DatingCandidateAvatarView.swift */; };
		CF9834DCFDA6574B90CCD6D7 /* DatingPreferenceProfileView.swift in Sources */ = {isa = PBXBuildFile; fileRef = 39E2099C716A4F46EB5A7381 /* DatingPreferenceProfileView.swift */; };
		D19FD212C9BCEB3AB4A843B1 /* LoveyMomentStore+CharacterNotifications.swift in Sources */ = {isa = PBXBuildFile; fileRef = 93847BCFBC00F307E4B1FB14 /* LoveyMomentStore+CharacterNotifications.swift */; };
		D37BCBE771B226FD440E2CC3 /* ServiceProtocols.swift in Sources */ = {isa = PBXBuildFile; fileRef = A36E5CD2E08450F314ECD364 /* ServiceProtocols.swift */; };
		D4B313DC08A243C7F7338955 /* MockDatingCandidateRepository.swift in Sources */ = {isa = PBXBuildFile; fileRef = EE31FE91E0C4388D04E79E34 /* MockDatingCandidateRepository.swift */; };
		D60095C30250EC0E34DCCEC7 /* DatingMatchDetailView.swift in Sources */ = {isa = PBXBuildFile; fileRef = 05BCC475734757E8827FDA73 /* DatingMatchDetailView.swift */; };
		DD13D0EE761410CC9FDB0235 /* LoveyMomentApp.swift in Sources */ = {isa = PBXBuildFile; fileRef = 66F454101113F41671B67D38 /* LoveyMomentApp.swift */; };
		E3C64794867AF916DE094A2C /* AppNotificationModels.swift in Sources */ = {isa = PBXBuildFile; fileRef = E0846D1B2D996B10B72CAD15 /* AppNotificationModels.swift */; };
		E4C3F7F97A498B8A06AFF922 /* CompositeConversationGenerator.swift in Sources */ = {isa = PBXBuildFile; fileRef = 7AE00583B72EF67494606388 /* CompositeConversationGenerator.swift */; };
		E7E6FE630D5BFBA1C63D769A /* DatingMatchRecommendationView.swift in Sources */ = {isa = PBXBuildFile; fileRef = 31973460DB365D580E8EA6D4 /* DatingMatchRecommendationView.swift */; };
		E8159F48660260EF6C39DF56 /* MockMomentAnalyzer.swift in Sources */ = {isa = PBXBuildFile; fileRef = EAB44AC0BE249E26BBC0EC53 /* MockMomentAnalyzer.swift */; };
		EE01C675C523F2B92FB543B2 /* DatingSignalAnalyzer.swift in Sources */ = {isa = PBXBuildFile; fileRef = EB7FA6FB8269D169458669DF /* DatingSignalAnalyzer.swift */; };
		EF1EAB7D90CD7B14588CAFC7 /* View+KeyboardDismiss.swift in Sources */ = {isa = PBXBuildFile; fileRef = 565FD71D3B2B89EBE3FE79E1 /* View+KeyboardDismiss.swift */; };
		EFAED81A93737182FB4976A7 /* RelationshipPreferenceAnalysisView.swift in Sources */ = {isa = PBXBuildFile; fileRef = D8418C3492A4649E77CB314C /* RelationshipPreferenceAnalysisView.swift */; };
		F17BDDFB25374C8F0D1349F8 /* AppNotificationRoute.swift in Sources */ = {isa = PBXBuildFile; fileRef = E670DF6D7F7ED7A91E480961 /* AppNotificationRoute.swift */; };
		F3B8308CA25F104BA7637764 /* LocalMomentNotificationScheduler.swift in Sources */ = {isa = PBXBuildFile; fileRef = 12CFB64E74CDAD31650CD6CA /* LocalMomentNotificationScheduler.swift */; };
		F405DCB05DF17CEDAB79E493 /* CoreModels.swift in Sources */ = {isa = PBXBuildFile; fileRef = D5DF392D2B18CC237F4C71C5 /* CoreModels.swift */; };
		F5E78F00DE6A5569DF2FEBBE /* DatingSignalModels.swift in Sources */ = {isa = PBXBuildFile; fileRef = 84511FE524E7FD40ADA719E8 /* DatingSignalModels.swift */; };
		F99A6D7E113E9CEF017E041E /* ConversationGenerationStatus.swift in Sources */ = {isa = PBXBuildFile; fileRef = 11D64D975B0EAA0E05149A3B /* ConversationGenerationStatus.swift */; };
		FE8FF88B25E6000E17A213B0 /* NotificationCenterView.swift in Sources */ = {isa = PBXBuildFile; fileRef = 59BFBB607F8342677148E309 /* NotificationCenterView.swift */; };
/* End PBXBuildFile section */

/* Begin PBXFileReference section */
		0471D673E5398DF9E773F02A /* AppNotificationDelegate.swift */ = {isa = PBXFileReference; lastKnownFileType = sourcecode.swift; path = AppNotificationDelegate.swift; sourceTree = "<group>"; };
		05BCC475734757E8827FDA73 /* DatingMatchDetailView.swift */ = {isa = PBXFileReference; lastKnownFileType = sourcecode.swift; path = DatingMatchDetailView.swift; sourceTree = "<group>"; };
		0E0C5159481FC9B9292F90C3 /* InAppMomentPreviewScheduler.swift */ = {isa = PBXFileReference; lastKnownFileType = sourcecode.swift; path = InAppMomentPreviewScheduler.swift; sourceTree = "<group>"; };
		10CA79944D06F96FEA57D9C1 /* LocalConversationScenarioGenerator.swift */ = {isa = PBXFileReference; lastKnownFileType = sourcecode.swift; path = LocalConversationScenarioGenerator.swift; sourceTree = "<group>"; };
		11D64D975B0EAA0E05149A3B /* ConversationGenerationStatus.swift */ = {isa = PBXFileReference; lastKnownFileType = sourcecode.swift; path = ConversationGenerationStatus.swift; sourceTree = "<group>"; };
		127199D3AA0304B27FA17D25 /* Assets.xcassets */ = {isa = PBXFileReference; lastKnownFileType = folder.assetcatalog; path = Assets.xcassets; sourceTree = "<group>"; };
		12CFB64E74CDAD31650CD6CA /* LocalMomentNotificationScheduler.swift */ = {isa = PBXFileReference; lastKnownFileType = sourcecode.swift; path = LocalMomentNotificationScheduler.swift; sourceTree = "<group>"; };
		1BB0C70E8B64294EE418327A /* CharacterNotificationModels.swift */ = {isa = PBXFileReference; lastKnownFileType = sourcecode.swift; path = CharacterNotificationModels.swift; sourceTree = "<group>"; };
		21BBC5DCB0248C9F74FCEE10 /* DatingSignalConsentView.swift */ = {isa = PBXFileReference; lastKnownFileType = sourcecode.swift; path = DatingSignalConsentView.swift; sourceTree = "<group>"; };
		299D5F60FF2715D9564EC708 /* AppRootView.swift */ = {isa = PBXFileReference; lastKnownFileType = sourcecode.swift; path = AppRootView.swift; sourceTree = "<group>"; };
		2AA496281036FA08D3FA9711 /* MockSleepSignalProvider.swift */ = {isa = PBXFileReference; lastKnownFileType = sourcecode.swift; path = MockSleepSignalProvider.swift; sourceTree = "<group>"; };
		2CBDEA8F20D9EB275F51A4BE /* HomeSearchView.swift */ = {isa = PBXFileReference; lastKnownFileType = sourcecode.swift; path = HomeSearchView.swift; sourceTree = "<group>"; };
		2DB05FF42AF50ADBFED31126 /* CharacterDetailView.swift */ = {isa = PBXFileReference; lastKnownFileType = sourcecode.swift; path = CharacterDetailView.swift; sourceTree = "<group>"; };
		31973460DB365D580E8EA6D4 /* DatingMatchRecommendationView.swift */ = {isa = PBXFileReference; lastKnownFileType = sourcecode.swift; path = DatingMatchRecommendationView.swift; sourceTree = "<group>"; };
		31DE4F02563DE58577657ACD /* ChatView.swift */ = {isa = PBXFileReference; lastKnownFileType = sourcecode.swift; path = ChatView.swift; sourceTree = "<group>"; };
		388C78BB098F364567489635 /* MomentHubView.swift */ = {isa = PBXFileReference; lastKnownFileType = sourcecode.swift; path = MomentHubView.swift; sourceTree = "<group>"; };
		39E2099C716A4F46EB5A7381 /* DatingPreferenceProfileView.swift */ = {isa = PBXFileReference; lastKnownFileType = sourcecode.swift; path = DatingPreferenceProfileView.swift; sourceTree = "<group>"; };
		3AA076DAADD4E9254D26E848 /* ConversationGenerationQualityEvaluator.swift */ = {isa = PBXFileReference; lastKnownFileType = sourcecode.swift; path = ConversationGenerationQualityEvaluator.swift; sourceTree = "<group>"; };
		3E83228FD09D4E2EF12237F3 /* DatingCandidateAvatarView.swift */ = {isa = PBXFileReference; lastKnownFileType = sourcecode.swift; path = DatingCandidateAvatarView.swift; sourceTree = "<group>"; };
		4A4656AADFC8AB09D9F808E5 /* MockDatingSignalAnalyzer.swift */ = {isa = PBXFileReference; lastKnownFileType = sourcecode.swift; path = MockDatingSignalAnalyzer.swift; sourceTree = "<group>"; };
		565FD71D3B2B89EBE3FE79E1 /* View+KeyboardDismiss.swift */ = {isa = PBXFileReference; lastKnownFileType = sourcecode.swift; path = "View+KeyboardDismiss.swift"; sourceTree = "<group>"; };
		59BFBB607F8342677148E309 /* NotificationCenterView.swift */ = {isa = PBXFileReference; lastKnownFileType = sourcecode.swift; path = NotificationCenterView.swift; sourceTree = "<group>"; };
		5AC4A34E0B09A0B25E789B75 /* ServerLLMConversationGenerator.swift */ = {isa = PBXFileReference; lastKnownFileType = sourcecode.swift; path = ServerLLMConversationGenerator.swift; sourceTree = "<group>"; };
		5B503A4223820F28198CB7CC /* LoveyMomentStore.swift */ = {isa = PBXFileReference; lastKnownFileType = sourcecode.swift; path = LoveyMomentStore.swift; sourceTree = "<group>"; };
		63B8555352F27C9C7F86D0D7 /* SignalHomeView.swift */ = {isa = PBXFileReference; lastKnownFileType = sourcecode.swift; path = SignalHomeView.swift; sourceTree = "<group>"; };
		66F454101113F41671B67D38 /* LoveyMomentApp.swift */ = {isa = PBXFileReference; lastKnownFileType = sourcecode.swift; path = LoveyMomentApp.swift; sourceTree = "<group>"; };
		6E33F13892BF424009BB58BC /* MainTabView.swift */ = {isa = PBXFileReference; lastKnownFileType = sourcecode.swift; path = MainTabView.swift; sourceTree = "<group>"; };
		70F4516D442D1B0D1A04D741 /* AppEnvironment.swift */ = {isa = PBXFileReference; lastKnownFileType = sourcecode.swift; path = AppEnvironment.swift; sourceTree = "<group>"; };
		78476A10C8C1B744508C01B5 /* MyView.swift */ = {isa = PBXFileReference; lastKnownFileType = sourcecode.swift; path = MyView.swift; sourceTree = "<group>"; };
		7AE00583B72EF67494606388 /* CompositeConversationGenerator.swift */ = {isa = PBXFileReference; lastKnownFileType = sourcecode.swift; path = CompositeConversationGenerator.swift; sourceTree = "<group>"; };
		84511FE524E7FD40ADA719E8 /* DatingSignalModels.swift */ = {isa = PBXFileReference; lastKnownFileType = sourcecode.swift; path = DatingSignalModels.swift; sourceTree = "<group>"; };
		84ED66003A23B6636698DADF /* LoveyMomentStore+Experience.swift */ = {isa = PBXFileReference; lastKnownFileType = sourcecode.swift; path = "LoveyMomentStore+Experience.swift"; sourceTree = "<group>"; };
		8581459A76AE7B4FDCD4D094 /* ChatListView.swift */ = {isa = PBXFileReference; lastKnownFileType = sourcecode.swift; path = ChatListView.swift; sourceTree = "<group>"; };
		8A6E73582EF476A0DAB98139 /* HealthKitSleepSignalProvider.swift */ = {isa = PBXFileReference; lastKnownFileType = sourcecode.swift; path = HealthKitSleepSignalProvider.swift; sourceTree = "<group>"; };
		8CC57B199A0674AF86241854 /* MomentPreviewView.swift */ = {isa = PBXFileReference; lastKnownFileType = sourcecode.swift; path = MomentPreviewView.swift; sourceTree = "<group>"; };
		91F06DD17AEC4E04663DCFA1 /* CharacterAvatarView.swift */ = {isa = PBXFileReference; lastKnownFileType = sourcecode.swift; path = CharacterAvatarView.swift; sourceTree = "<group>"; };
		93847BCFBC00F307E4B1FB14 /* LoveyMomentStore+CharacterNotifications.swift */ = {isa = PBXFileReference; lastKnownFileType = sourcecode.swift; path = "LoveyMomentStore+CharacterNotifications.swift"; sourceTree = "<group>"; };
		98909F8F15F8402D15F4D590 /* CharacterPortraitView.swift */ = {isa = PBXFileReference; lastKnownFileType = sourcecode.swift; path = CharacterPortraitView.swift; sourceTree = "<group>"; };
		9B58E5A78B4BBFEEBF827D9C /* LocalCharacterNotificationScheduler.swift */ = {isa = PBXFileReference; lastKnownFileType = sourcecode.swift; path = LocalCharacterNotificationScheduler.swift; sourceTree = "<group>"; };
		9E6DAE33A7EB0F95C60136F9 /* FavoriteConversationSelectionView.swift */ = {isa = PBXFileReference; lastKnownFileType = sourcecode.swift; path = FavoriteConversationSelectionView.swift; sourceTree = "<group>"; };
		A36E5CD2E08450F314ECD364 /* ServiceProtocols.swift */ = {isa = PBXFileReference; lastKnownFileType = sourcecode.swift; path = ServiceProtocols.swift; sourceTree = "<group>"; };
		B420378420A5E5187EE80A95 /* HomeView.swift */ = {isa = PBXFileReference; lastKnownFileType = sourcecode.swift; path = HomeView.swift; sourceTree = "<group>"; };
		BBE6A76C890F4CEADB7F45AF /* LoveyMoment.app */ = {isa = PBXFileReference; explicitFileType = wrapper.application; includeInIndex = 0; path = LoveyMoment.app; sourceTree = BUILT_PRODUCTS_DIR; };
		C0BC50702DFBD3BF19C0ED09 /* PoCDiagnosticsView.swift */ = {isa = PBXFileReference; lastKnownFileType = sourcecode.swift; path = PoCDiagnosticsView.swift; sourceTree = "<group>"; };
		C30EC856E0E4EF5A54F8C895 /* AppSplashView.swift */ = {isa = PBXFileReference; lastKnownFileType = sourcecode.swift; path = AppSplashView.swift; sourceTree = "<group>"; };
		C8D618B59653700CBF7EB6F6 /* LoveyMomentStore+DatingSignal.swift */ = {isa = PBXFileReference; lastKnownFileType = sourcecode.swift; path = "LoveyMomentStore+DatingSignal.swift"; sourceTree = "<group>"; };
		CEA1397019363C81E43DE509 /* ConversationOutputSanitizer.swift */ = {isa = PBXFileReference; lastKnownFileType = sourcecode.swift; path = ConversationOutputSanitizer.swift; sourceTree = "<group>"; };
		D3542A0C7BE61E5C019FAF26 /* PoCBadgeView.swift */ = {isa = PBXFileReference; lastKnownFileType = sourcecode.swift; path = PoCBadgeView.swift; sourceTree = "<group>"; };
		D5DF392D2B18CC237F4C71C5 /* CoreModels.swift */ = {isa = PBXFileReference; lastKnownFileType = sourcecode.swift; path = CoreModels.swift; sourceTree = "<group>"; };
		D8418C3492A4649E77CB314C /* RelationshipPreferenceAnalysisView.swift */ = {isa = PBXFileReference; lastKnownFileType = sourcecode.swift; path = RelationshipPreferenceAnalysisView.swift; sourceTree = "<group>"; };
		DCECC37CDD6888EFEED98103 /* PoCTheme.swift */ = {isa = PBXFileReference; lastKnownFileType = sourcecode.swift; path = PoCTheme.swift; sourceTree = "<group>"; };
		E0846D1B2D996B10B72CAD15 /* AppNotificationModels.swift */ = {isa = PBXFileReference; lastKnownFileType = sourcecode.swift; path = AppNotificationModels.swift; sourceTree = "<group>"; };
		E1BED172C993EFAB9EA8E4E1 /* MomentAnalysisView.swift */ = {isa = PBXFileReference; lastKnownFileType = sourcecode.swift; path = MomentAnalysisView.swift; sourceTree = "<group>"; };
		E2C8D2002EE89A070898CA0A /* MockCharacterRepository.swift */ = {isa = PBXFileReference; lastKnownFileType = sourcecode.swift; path = MockCharacterRepository.swift; sourceTree = "<group>"; };
		E670DF6D7F7ED7A91E480961 /* AppNotificationRoute.swift */ = {isa = PBXFileReference; lastKnownFileType = sourcecode.swift; path = AppNotificationRoute.swift; sourceTree = "<group>"; };
		E8784153DE228283BBF31C15 /* NativeFoundationModelConversationGenerator.swift */ = {isa = PBXFileReference; lastKnownFileType = sourcecode.swift; path = NativeFoundationModelConversationGenerator.swift; sourceTree = "<group>"; };
		EAB44AC0BE249E26BBC0EC53 /* MockMomentAnalyzer.swift */ = {isa = PBXFileReference; lastKnownFileType = sourcecode.swift; path = MockMomentAnalyzer.swift; sourceTree = "<group>"; };
		EB7FA6FB8269D169458669DF /* DatingSignalAnalyzer.swift */ = {isa = PBXFileReference; lastKnownFileType = sourcecode.swift; path = DatingSignalAnalyzer.swift; sourceTree = "<group>"; };
		ECF6B090A0AAF8B623C4FE04 /* CharacterWorldListView.swift */ = {isa = PBXFileReference; lastKnownFileType = sourcecode.swift; path = CharacterWorldListView.swift; sourceTree = "<group>"; };
		EDA93FBE0064C9D9175BD8F4 /* CharacterNotificationComposer.swift */ = {isa = PBXFileReference; lastKnownFileType = sourcecode.swift; path = CharacterNotificationComposer.swift; sourceTree = "<group>"; };
		EE31FE91E0C4388D04E79E34 /* MockDatingCandidateRepository.swift */ = {isa = PBXFileReference; lastKnownFileType = sourcecode.swift; path = MockDatingCandidateRepository.swift; sourceTree = "<group>"; };
		EF470E0692C51D0900A68B9D /* HighQualityNarrativeConversationGenerator.swift */ = {isa = PBXFileReference; lastKnownFileType = sourcecode.swift; path = HighQualityNarrativeConversationGenerator.swift; sourceTree = "<group>"; };
		F17635DC0083A1F14D338AC1 /* LoveyMoment.entitlements */ = {isa = PBXFileReference; lastKnownFileType = text.plist.entitlements; path = LoveyMoment.entitlements; sourceTree = "<group>"; };
/* End PBXFileReference section */

/* Begin PBXGroup section */
		093F21C5786B87005437FAE4 /* ChatList */ = {
			isa = PBXGroup;
			children = (
				8581459A76AE7B4FDCD4D094 /* ChatListView.swift */,
			);
			path = ChatList;
			sourceTree = "<group>";
		};
		0DAC85088DFBC33749D5F6D6 /* Models */ = {
			isa = PBXGroup;
			children = (
				E0846D1B2D996B10B72CAD15 /* AppNotificationModels.swift */,
				1BB0C70E8B64294EE418327A /* CharacterNotificationModels.swift */,
				D5DF392D2B18CC237F4C71C5 /* CoreModels.swift */,
				84511FE524E7FD40ADA719E8 /* DatingSignalModels.swift */,
			);
			path = Models;
			sourceTree = "<group>";
		};
		108249DB88ADB980472B2662 = {
			isa = PBXGroup;
			children = (
				308AC8E38E0B3A3F49F4BF27 /* LoveyMoment */,
				D294E0716FBEC0B2E17F5087 /* Products */,
			);
			sourceTree = "<group>";
		};
		1853762EC47C972580520ADD /* Home */ = {
			isa = PBXGroup;
			children = (
				2CBDEA8F20D9EB275F51A4BE /* HomeSearchView.swift */,
				B420378420A5E5187EE80A95 /* HomeView.swift */,
				59BFBB607F8342677148E309 /* NotificationCenterView.swift */,
			);
			path = Home;
			sourceTree = "<group>";
		};
		1E182616E4F6266E5649ACFD /* Diagnostics */ = {
			isa = PBXGroup;
			children = (
				C0BC50702DFBD3BF19C0ED09 /* PoCDiagnosticsView.swift */,
			);
			path = Diagnostics;
			sourceTree = "<group>";
		};
		227D06970628F6616DD3602B /* Notification */ = {
			isa = PBXGroup;
			children = (
				0471D673E5398DF9E773F02A /* AppNotificationDelegate.swift */,
				EDA93FBE0064C9D9175BD8F4 /* CharacterNotificationComposer.swift */,
				0E0C5159481FC9B9292F90C3 /* InAppMomentPreviewScheduler.swift */,
				9B58E5A78B4BBFEEBF827D9C /* LocalCharacterNotificationScheduler.swift */,
				12CFB64E74CDAD31650CD6CA /* LocalMomentNotificationScheduler.swift */,
			);
			path = Notification;
			sourceTree = "<group>";
		};
		308AC8E38E0B3A3F49F4BF27 /* LoveyMoment */ = {
			isa = PBXGroup;
			children = (
				127199D3AA0304B27FA17D25 /* Assets.xcassets */,
				F17635DC0083A1F14D338AC1 /* LoveyMoment.entitlements */,
				570AFABF89741C7A57AE366E /* App */,
				699344C8BCD0238AE64E317B /* Features */,
				0DAC85088DFBC33749D5F6D6 /* Models */,
				AFE4299FEDF1FC259DA5CBF4 /* Services */,
			);
			path = LoveyMoment;
			sourceTree = "<group>";
		};
		51AF21B0E3C6B370DA242568 /* CharacterWorldList */ = {
			isa = PBXGroup;
			children = (
				2DB05FF42AF50ADBFED31126 /* CharacterDetailView.swift */,
				ECF6B090A0AAF8B623C4FE04 /* CharacterWorldListView.swift */,
			);
			path = CharacterWorldList;
			sourceTree = "<group>";
		};
		54FD91DC8F5D3794880609CF /* Shared */ = {
			isa = PBXGroup;
			children = (
				91F06DD17AEC4E04663DCFA1 /* CharacterAvatarView.swift */,
				98909F8F15F8402D15F4D590 /* CharacterPortraitView.swift */,
				D3542A0C7BE61E5C019FAF26 /* PoCBadgeView.swift */,
				DCECC37CDD6888EFEED98103 /* PoCTheme.swift */,
				565FD71D3B2B89EBE3FE79E1 /* View+KeyboardDismiss.swift */,
			);
			path = Shared;
			sourceTree = "<group>";
		};
		570AFABF89741C7A57AE366E /* App */ = {
			isa = PBXGroup;
			children = (
				70F4516D442D1B0D1A04D741 /* AppEnvironment.swift */,
				E670DF6D7F7ED7A91E480961 /* AppNotificationRoute.swift */,
				299D5F60FF2715D9564EC708 /* AppRootView.swift */,
				C30EC856E0E4EF5A54F8C895 /* AppSplashView.swift */,
				66F454101113F41671B67D38 /* LoveyMomentApp.swift */,
				5B503A4223820F28198CB7CC /* LoveyMomentStore.swift */,
				93847BCFBC00F307E4B1FB14 /* LoveyMomentStore+CharacterNotifications.swift */,
				C8D618B59653700CBF7EB6F6 /* LoveyMomentStore+DatingSignal.swift */,
				84ED66003A23B6636698DADF /* LoveyMomentStore+Experience.swift */,
			);
			path = App;
			sourceTree = "<group>";
		};
		5CE9D8DCFBEB6D14847F619E /* DatingSignal */ = {
			isa = PBXGroup;
			children = (
				3E83228FD09D4E2EF12237F3 /* DatingCandidateAvatarView.swift */,
				05BCC475734757E8827FDA73 /* DatingMatchDetailView.swift */,
				31973460DB365D580E8EA6D4 /* DatingMatchRecommendationView.swift */,
				39E2099C716A4F46EB5A7381 /* DatingPreferenceProfileView.swift */,
				21BBC5DCB0248C9F74FCEE10 /* DatingSignalConsentView.swift */,
				9E6DAE33A7EB0F95C60136F9 /* FavoriteConversationSelectionView.swift */,
				D8418C3492A4649E77CB314C /* RelationshipPreferenceAnalysisView.swift */,
				63B8555352F27C9C7F86D0D7 /* SignalHomeView.swift */,
			);
			path = DatingSignal;
			sourceTree = "<group>";
		};
		5D8E089CA15B018875900A2F /* MomentAnalysis */ = {
			isa = PBXGroup;
			children = (
				E1BED172C993EFAB9EA8E4E1 /* MomentAnalysisView.swift */,
			);
			path = MomentAnalysis;
			sourceTree = "<group>";
		};
		5E3A35E43BFB6F76324AE577 /* Conversation */ = {
			isa = PBXGroup;
			children = (
				7AE00583B72EF67494606388 /* CompositeConversationGenerator.swift */,
				3AA076DAADD4E9254D26E848 /* ConversationGenerationQualityEvaluator.swift */,
				11D64D975B0EAA0E05149A3B /* ConversationGenerationStatus.swift */,
				CEA1397019363C81E43DE509 /* ConversationOutputSanitizer.swift */,
				EF470E0692C51D0900A68B9D /* HighQualityNarrativeConversationGenerator.swift */,
				10CA79944D06F96FEA57D9C1 /* LocalConversationScenarioGenerator.swift */,
				E8784153DE228283BBF31C15 /* NativeFoundationModelConversationGenerator.swift */,
				5AC4A34E0B09A0B25E789B75 /* ServerLLMConversationGenerator.swift */,
			);
			path = Conversation;
			sourceTree = "<group>";
		};
		699344C8BCD0238AE64E317B /* Features */ = {
			isa = PBXGroup;
			children = (
				51AF21B0E3C6B370DA242568 /* CharacterWorldList */,
				8E29A69A8CC3BD0F5858B972 /* Chat */,
				093F21C5786B87005437FAE4 /* ChatList */,
				5CE9D8DCFBEB6D14847F619E /* DatingSignal */,
				1E182616E4F6266E5649ACFD /* Diagnostics */,
				1853762EC47C972580520ADD /* Home */,
				83CBFD3D694F5998B1B973A1 /* Main */,
				5D8E089CA15B018875900A2F /* MomentAnalysis */,
				987665A4F6ADD464D509BBC2 /* MomentHub */,
				783BB346B0A2B1200E360C61 /* MomentPreview */,
				C9986DC269C8D4801D1C58F8 /* My */,
				54FD91DC8F5D3794880609CF /* Shared */,
			);
			path = Features;
			sourceTree = "<group>";
		};
		783BB346B0A2B1200E360C61 /* MomentPreview */ = {
			isa = PBXGroup;
			children = (
				8CC57B199A0674AF86241854 /* MomentPreviewView.swift */,
			);
			path = MomentPreview;
			sourceTree = "<group>";
		};
		83CBFD3D694F5998B1B973A1 /* Main */ = {
			isa = PBXGroup;
			children = (
				6E33F13892BF424009BB58BC /* MainTabView.swift */,
			);
			path = Main;
			sourceTree = "<group>";
		};
		8CEF7525B5A9D74D4EC73325 /* Sleep */ = {
			isa = PBXGroup;
			children = (
				8A6E73582EF476A0DAB98139 /* HealthKitSleepSignalProvider.swift */,
			);
			path = Sleep;
			sourceTree = "<group>";
		};
		8E29A69A8CC3BD0F5858B972 /* Chat */ = {
			isa = PBXGroup;
			children = (
				31DE4F02563DE58577657ACD /* ChatView.swift */,
			);
			path = Chat;
			sourceTree = "<group>";
		};
		987665A4F6ADD464D509BBC2 /* MomentHub */ = {
			isa = PBXGroup;
			children = (
				388C78BB098F364567489635 /* MomentHubView.swift */,
			);
			path = MomentHub;
			sourceTree = "<group>";
		};
		AFE4299FEDF1FC259DA5CBF4 /* Services */ = {
			isa = PBXGroup;
			children = (
				A36E5CD2E08450F314ECD364 /* ServiceProtocols.swift */,
				5E3A35E43BFB6F76324AE577 /* Conversation */,
				DC4C5ADE00C583CB204CBB1F /* DatingSignal */,
				C8BB37B339B41D4420AAE445 /* Mock */,
				227D06970628F6616DD3602B /* Notification */,
				8CEF7525B5A9D74D4EC73325 /* Sleep */,
			);
			path = Services;
			sourceTree = "<group>";
		};
		C8BB37B339B41D4420AAE445 /* Mock */ = {
			isa = PBXGroup;
			children = (
				E2C8D2002EE89A070898CA0A /* MockCharacterRepository.swift */,
				EAB44AC0BE249E26BBC0EC53 /* MockMomentAnalyzer.swift */,
				2AA496281036FA08D3FA9711 /* MockSleepSignalProvider.swift */,
			);
			path = Mock;
			sourceTree = "<group>";
		};
		C9986DC269C8D4801D1C58F8 /* My */ = {
			isa = PBXGroup;
			children = (
				78476A10C8C1B744508C01B5 /* MyView.swift */,
			);
			path = My;
			sourceTree = "<group>";
		};
		D294E0716FBEC0B2E17F5087 /* Products */ = {
			isa = PBXGroup;
			children = (
				BBE6A76C890F4CEADB7F45AF /* LoveyMoment.app */,
			);
			name = Products;
			sourceTree = "<group>";
		};
		DC4C5ADE00C583CB204CBB1F /* DatingSignal */ = {
			isa = PBXGroup;
			children = (
				EB7FA6FB8269D169458669DF /* DatingSignalAnalyzer.swift */,
				EE31FE91E0C4388D04E79E34 /* MockDatingCandidateRepository.swift */,
				4A4656AADFC8AB09D9F808E5 /* MockDatingSignalAnalyzer.swift */,
			);
			path = DatingSignal;
			sourceTree = "<group>";
		};
/* End PBXGroup section */

/* Begin PBXNativeTarget section */
		C8AED18F0B912A91BE038B7A /* LoveyMoment */ = {
			isa = PBXNativeTarget;
			buildConfigurationList = D78D81FB4A13B93BD09A0CDB /* Build configuration list for PBXNativeTarget "LoveyMoment" */;
			buildPhases = (
				C4B6DE187BA6430BFEEB39A1 /* Sources */,
				0B393C663AD9CF2ECE9C6954 /* Resources */,
			);
			buildRules = (
			);
			dependencies = (
			);
			name = LoveyMoment;
			packageProductDependencies = (
			);
			productName = LoveyMoment;
			productReference = BBE6A76C890F4CEADB7F45AF /* LoveyMoment.app */;
			productType = "com.apple.product-type.application";
		};
/* End PBXNativeTarget section */

/* Begin PBXProject section */
		C645FCEB0EF5D8416527BD5E /* Project object */ = {
			isa = PBXProject;
			attributes = {
				BuildIndependentTargetsInParallel = YES;
				LastUpgradeCheck = 1430;
				TargetAttributes = {
					C8AED18F0B912A91BE038B7A = {
						ProvisioningStyle = Automatic;
					};
				};
			};
			buildConfigurationList = 9C15E5B98D1A01E63113C50C /* Build configuration list for PBXProject "LoveyMoment" */;
			developmentRegion = en;
			hasScannedForEncodings = 0;
			knownRegions = (
				Base,
				en,
			);
			mainGroup = 108249DB88ADB980472B2662;
			minimizedProjectReferenceProxies = 1;
			preferredProjectObjectVersion = 77;
			productRefGroup = D294E0716FBEC0B2E17F5087 /* Products */;
			projectDirPath = "";
			projectRoot = "";
			targets = (
				C8AED18F0B912A91BE038B7A /* LoveyMoment */,
			);
		};
/* End PBXProject section */

/* Begin PBXResourcesBuildPhase section */
		0B393C663AD9CF2ECE9C6954 /* Resources */ = {
			isa = PBXResourcesBuildPhase;
			buildActionMask = 2147483647;
			files = (
				1CC2913D50C8A5A5061C7BFB /* Assets.xcassets in Resources */,
			);
			runOnlyForDeploymentPostprocessing = 0;
		};
/* End PBXResourcesBuildPhase section */

/* Begin PBXSourcesBuildPhase section */
		C4B6DE187BA6430BFEEB39A1 /* Sources */ = {
			isa = PBXSourcesBuildPhase;
			buildActionMask = 2147483647;
			files = (
				83482EF4450403840159CA08 /* AppEnvironment.swift in Sources */,
				B087FA05A0CC1BC8EDF246AA /* AppNotificationDelegate.swift in Sources */,
				E3C64794867AF916DE094A2C /* AppNotificationModels.swift in Sources */,
				F17BDDFB25374C8F0D1349F8 /* AppNotificationRoute.swift in Sources */,
				81BC25DB547369D2140B0273 /* AppRootView.swift in Sources */,
				2066B4D34FA8CA05F69C4B8B /* AppSplashView.swift in Sources */,
				4BF063AF97C69073CBB8FCE8 /* CharacterAvatarView.swift in Sources */,
				6C3EF619A88BA8A6495BF3BA /* CharacterDetailView.swift in Sources */,
				85A762422A0B83396592DEBB /* CharacterNotificationComposer.swift in Sources */,
				492E1534F4D72D9216EE15D1 /* CharacterNotificationModels.swift in Sources */,
				A009405CBD3C6FAB06295ABF /* CharacterPortraitView.swift in Sources */,
				83778C4645E8841EFD372331 /* CharacterWorldListView.swift in Sources */,
				AC994D3C96C02F76DC8D44E7 /* ChatListView.swift in Sources */,
				BD9DCD32AFB54075C937FFC8 /* ChatView.swift in Sources */,
				E4C3F7F97A498B8A06AFF922 /* CompositeConversationGenerator.swift in Sources */,
				05C971E39F0E9F27DEE8BFD2 /* ConversationGenerationQualityEvaluator.swift in Sources */,
				F99A6D7E113E9CEF017E041E /* ConversationGenerationStatus.swift in Sources */,
				B4181153C88B0594E8490287 /* ConversationOutputSanitizer.swift in Sources */,
				F405DCB05DF17CEDAB79E493 /* CoreModels.swift in Sources */,
				CC4A9E24F570532CA3A38861 /* DatingCandidateAvatarView.swift in Sources */,
				D60095C30250EC0E34DCCEC7 /* DatingMatchDetailView.swift in Sources */,
				E7E6FE630D5BFBA1C63D769A /* DatingMatchRecommendationView.swift in Sources */,
				CF9834DCFDA6574B90CCD6D7 /* DatingPreferenceProfileView.swift in Sources */,
				EE01C675C523F2B92FB543B2 /* DatingSignalAnalyzer.swift in Sources */,
				C49158234D322326A81EB6CB /* DatingSignalConsentView.swift in Sources */,
				F5E78F00DE6A5569DF2FEBBE /* DatingSignalModels.swift in Sources */,
				53E04C01A2002C79ACF1DB0F /* FavoriteConversationSelectionView.swift in Sources */,
				72C6DB330AD37099B25285A3 /* HealthKitSleepSignalProvider.swift in Sources */,
				527E041842BF202B29B5D490 /* HighQualityNarrativeConversationGenerator.swift in Sources */,
				A49B21644E4BDE8E89D741B3 /* HomeSearchView.swift in Sources */,
				559B765DB81CBBA71D941F58 /* HomeView.swift in Sources */,
				C32C04E637866FEFFC5988C2 /* InAppMomentPreviewScheduler.swift in Sources */,
				26C9B7580721AA1C061252CD /* LocalCharacterNotificationScheduler.swift in Sources */,
				67028C47EDF174218E45343D /* LocalConversationScenarioGenerator.swift in Sources */,
				F3B8308CA25F104BA7637764 /* LocalMomentNotificationScheduler.swift in Sources */,
				DD13D0EE761410CC9FDB0235 /* LoveyMomentApp.swift in Sources */,
				D19FD212C9BCEB3AB4A843B1 /* LoveyMomentStore+CharacterNotifications.swift in Sources */,
				900F85F047AAC58BABCD505A /* LoveyMomentStore+DatingSignal.swift in Sources */,
				3BB60FD6DBFCA363C8847045 /* LoveyMomentStore+Experience.swift in Sources */,
				5D0A77F2E89CF3E91B2895DD /* LoveyMomentStore.swift in Sources */,
				271CF747158EE0619AA6B6E8 /* MainTabView.swift in Sources */,
				C1751AF50D2E4FF0E4B9E29C /* MockCharacterRepository.swift in Sources */,
				D4B313DC08A243C7F7338955 /* MockDatingCandidateRepository.swift in Sources */,
				40813AF7040D1C235232196B /* MockDatingSignalAnalyzer.swift in Sources */,
				E8159F48660260EF6C39DF56 /* MockMomentAnalyzer.swift in Sources */,
				B7E4F190291AFA7A632226EC /* MockSleepSignalProvider.swift in Sources */,
				71376EF8C2EA38A8809CC674 /* MomentAnalysisView.swift in Sources */,
				0E772F5389D316589C1A49C9 /* MomentHubView.swift in Sources */,
				6ACCD2690AC7666D1C90E316 /* MomentPreviewView.swift in Sources */,
				35716BE2EF778FD46907A148 /* MyView.swift in Sources */,
				85D6C786D0ED5D4C9FDF0FE0 /* NativeFoundationModelConversationGenerator.swift in Sources */,
				FE8FF88B25E6000E17A213B0 /* NotificationCenterView.swift in Sources */,
				6EEBE1EC7311F46100CE21AA /* PoCBadgeView.swift in Sources */,
				84C0D7E94B70786CAD08366A /* PoCDiagnosticsView.swift in Sources */,
				0177C20083BA40361B5D8357 /* PoCTheme.swift in Sources */,
				EFAED81A93737182FB4976A7 /* RelationshipPreferenceAnalysisView.swift in Sources */,
				5FA24C3232D0E33562E872A2 /* ServerLLMConversationGenerator.swift in Sources */,
				D37BCBE771B226FD440E2CC3 /* ServiceProtocols.swift in Sources */,
				31EA3FC32CE05787A72B976C /* SignalHomeView.swift in Sources */,
				EF1EAB7D90CD7B14588CAFC7 /* View+KeyboardDismiss.swift in Sources */,
			);
			runOnlyForDeploymentPostprocessing = 0;
		};
/* End PBXSourcesBuildPhase section */

/* Begin XCBuildConfiguration section */
		01B48B407A308728577B5558 /* Debug */ = {
			isa = XCBuildConfiguration;
			buildSettings = {
				ALWAYS_SEARCH_USER_PATHS = NO;
				CLANG_ANALYZER_NONNULL = YES;
				CLANG_ANALYZER_NUMBER_OBJECT_CONVERSION = YES_AGGRESSIVE;
				CLANG_CXX_LANGUAGE_STANDARD = "gnu++14";
				CLANG_CXX_LIBRARY = "libc++";
				CLANG_ENABLE_MODULES = YES;
				CLANG_ENABLE_OBJC_ARC = YES;
				CLANG_ENABLE_OBJC_WEAK = YES;
				CLANG_WARN_BLOCK_CAPTURE_AUTORELEASING = YES;
				CLANG_WARN_BOOL_CONVERSION = YES;
				CLANG_WARN_COMMA = YES;
				CLANG_WARN_CONSTANT_CONVERSION = YES;
				CLANG_WARN_DEPRECATED_OBJC_IMPLEMENTATIONS = YES;
				CLANG_WARN_DIRECT_OBJC_ISA_USAGE = YES_ERROR;
				CLANG_WARN_DOCUMENTATION_COMMENTS = YES;
				CLANG_WARN_EMPTY_BODY = YES;
				CLANG_WARN_ENUM_CONVERSION = YES;
				CLANG_WARN_INFINITE_RECURSION = YES;
				CLANG_WARN_INT_CONVERSION = YES;
				CLANG_WARN_NON_LITERAL_NULL_CONVERSION = YES;
				CLANG_WARN_OBJC_IMPLICIT_RETAIN_SELF = YES;
				CLANG_WARN_OBJC_LITERAL_CONVERSION = YES;
				CLANG_WARN_OBJC_ROOT_CLASS = YES_ERROR;
				CLANG_WARN_QUOTED_INCLUDE_IN_FRAMEWORK_HEADER = YES;
				CLANG_WARN_RANGE_LOOP_ANALYSIS = YES;
				CLANG_WARN_STRICT_PROTOTYPES = YES;
				CLANG_WARN_SUSPICIOUS_MOVE = YES;
				CLANG_WARN_UNGUARDED_AVAILABILITY = YES_AGGRESSIVE;
				CLANG_WARN_UNREACHABLE_CODE = YES;
				CLANG_WARN__DUPLICATE_METHOD_MATCH = YES;
				CODE_SIGN_STYLE = Automatic;
				COPY_PHASE_STRIP = NO;
				CURRENT_PROJECT_VERSION = 1;
				DEBUG_INFORMATION_FORMAT = dwarf;
				ENABLE_STRICT_OBJC_MSGSEND = YES;
				ENABLE_TESTABILITY = YES;
				GCC_C_LANGUAGE_STANDARD = gnu11;
				GCC_DYNAMIC_NO_PIC = NO;
				GCC_NO_COMMON_BLOCKS = YES;
				GCC_OPTIMIZATION_LEVEL = 0;
				GCC_PREPROCESSOR_DEFINITIONS = (
					"$(inherited)",
					"DEBUG=1",
				);
				GCC_WARN_64_TO_32_BIT_CONVERSION = YES;
				GCC_WARN_ABOUT_RETURN_TYPE = YES_ERROR;
				GCC_WARN_UNDECLARED_SELECTOR = YES;
				GCC_WARN_UNINITIALIZED_AUTOS = YES_AGGRESSIVE;
				GCC_WARN_UNUSED_FUNCTION = YES;
				GCC_WARN_UNUSED_VARIABLE = YES;
				IPHONEOS_DEPLOYMENT_TARGET = 17.0;
				MARKETING_VERSION = 1.0;
				MTL_ENABLE_DEBUG_INFO = INCLUDE_SOURCE;
				MTL_FAST_MATH = YES;
				ONLY_ACTIVE_ARCH = YES;
				PRODUCT_NAME = "$(TARGET_NAME)";
				SDKROOT = iphoneos;
				SWIFT_ACTIVE_COMPILATION_CONDITIONS = DEBUG;
				SWIFT_OPTIMIZATION_LEVEL = "-Onone";
				SWIFT_VERSION = 5.0;
			};
			name = Debug;
		};
		5D585974B789F188010954A8 /* Debug */ = {
			isa = XCBuildConfiguration;
			buildSettings = {
				ASSETCATALOG_COMPILER_APPICON_NAME = AppIcon;
				CODE_SIGN_ENTITLEMENTS = LoveyMoment/LoveyMoment.entitlements;
				CODE_SIGN_IDENTITY = "iPhone Developer";
				CODE_SIGN_STYLE = Automatic;
				DEVELOPMENT_TEAM = 63SB2B8YJ5;
				GENERATE_INFOPLIST_FILE = YES;
				INFOPLIST_KEY_CFBundleDisplayName = "Lovey Moment";
				INFOPLIST_KEY_NSHealthShareUsageDescription = "Lovey Moment가 취침/기상 리듬을 추정해 캐릭터 Moment 알림 시간을 맞추기 위해 수면 분석 데이터를 읽습니다.";
				INFOPLIST_KEY_UIApplicationSceneManifest_Generation = YES;
				INFOPLIST_KEY_UIApplicationSupportsIndirectInputEvents = YES;
				INFOPLIST_KEY_UILaunchScreen_Generation = YES;
				LD_RUNPATH_SEARCH_PATHS = (
					"$(inherited)",
					"@executable_path/Frameworks",
				);
				PRODUCT_BUNDLE_IDENTIFIER = com.loveymoment.poc;
				SDKROOT = iphoneos;
				TARGETED_DEVICE_FAMILY = 1;
			};
			name = Debug;
		};
		AF2808261EE6CCE817C83493 /* Release */ = {
			isa = XCBuildConfiguration;
			buildSettings = {
				ALWAYS_SEARCH_USER_PATHS = NO;
				CLANG_ANALYZER_NONNULL = YES;
				CLANG_ANALYZER_NUMBER_OBJECT_CONVERSION = YES_AGGRESSIVE;
				CLANG_CXX_LANGUAGE_STANDARD = "gnu++14";
				CLANG_CXX_LIBRARY = "libc++";
				CLANG_ENABLE_MODULES = YES;
				CLANG_ENABLE_OBJC_ARC = YES;
				CLANG_ENABLE_OBJC_WEAK = YES;
				CLANG_WARN_BLOCK_CAPTURE_AUTORELEASING = YES;
				CLANG_WARN_BOOL_CONVERSION = YES;
				CLANG_WARN_COMMA = YES;
				CLANG_WARN_CONSTANT_CONVERSION = YES;
				CLANG_WARN_DEPRECATED_OBJC_IMPLEMENTATIONS = YES;
				CLANG_WARN_DIRECT_OBJC_ISA_USAGE = YES_ERROR;
				CLANG_WARN_DOCUMENTATION_COMMENTS = YES;
				CLANG_WARN_EMPTY_BODY = YES;
				CLANG_WARN_ENUM_CONVERSION = YES;
				CLANG_WARN_INFINITE_RECURSION = YES;
				CLANG_WARN_INT_CONVERSION = YES;
				CLANG_WARN_NON_LITERAL_NULL_CONVERSION = YES;
				CLANG_WARN_OBJC_IMPLICIT_RETAIN_SELF = YES;
				CLANG_WARN_OBJC_LITERAL_CONVERSION = YES;
				CLANG_WARN_OBJC_ROOT_CLASS = YES_ERROR;
				CLANG_WARN_QUOTED_INCLUDE_IN_FRAMEWORK_HEADER = YES;
				CLANG_WARN_RANGE_LOOP_ANALYSIS = YES;
				CLANG_WARN_STRICT_PROTOTYPES = YES;
				CLANG_WARN_SUSPICIOUS_MOVE = YES;
				CLANG_WARN_UNGUARDED_AVAILABILITY = YES_AGGRESSIVE;
				CLANG_WARN_UNREACHABLE_CODE = YES;
				CLANG_WARN__DUPLICATE_METHOD_MATCH = YES;
				CODE_SIGN_STYLE = Automatic;
				COPY_PHASE_STRIP = NO;
				CURRENT_PROJECT_VERSION = 1;
				DEBUG_INFORMATION_FORMAT = "dwarf-with-dsym";
				ENABLE_NS_ASSERTIONS = NO;
				ENABLE_STRICT_OBJC_MSGSEND = YES;
				GCC_C_LANGUAGE_STANDARD = gnu11;
				GCC_NO_COMMON_BLOCKS = YES;
				GCC_WARN_64_TO_32_BIT_CONVERSION = YES;
				GCC_WARN_ABOUT_RETURN_TYPE = YES_ERROR;
				GCC_WARN_UNDECLARED_SELECTOR = YES;
				GCC_WARN_UNINITIALIZED_AUTOS = YES_AGGRESSIVE;
				GCC_WARN_UNUSED_FUNCTION = YES;
				GCC_WARN_UNUSED_VARIABLE = YES;
				IPHONEOS_DEPLOYMENT_TARGET = 17.0;
				MARKETING_VERSION = 1.0;
				MTL_ENABLE_DEBUG_INFO = NO;
				MTL_FAST_MATH = YES;
				PRODUCT_NAME = "$(TARGET_NAME)";
				SDKROOT = iphoneos;
				SWIFT_COMPILATION_MODE = wholemodule;
				SWIFT_OPTIMIZATION_LEVEL = "-O";
				SWIFT_VERSION = 5.0;
			};
			name = Release;
		};
		E305875388AEA16EC832D4AF /* Release */ = {
			isa = XCBuildConfiguration;
			buildSettings = {
				ASSETCATALOG_COMPILER_APPICON_NAME = AppIcon;
				CODE_SIGN_ENTITLEMENTS = LoveyMoment/LoveyMoment.entitlements;
				CODE_SIGN_IDENTITY = "iPhone Developer";
				CODE_SIGN_STYLE = Automatic;
				DEVELOPMENT_TEAM = 63SB2B8YJ5;
				GENERATE_INFOPLIST_FILE = YES;
				INFOPLIST_KEY_CFBundleDisplayName = "Lovey Moment";
				INFOPLIST_KEY_NSHealthShareUsageDescription = "Lovey Moment가 취침/기상 리듬을 추정해 캐릭터 Moment 알림 시간을 맞추기 위해 수면 분석 데이터를 읽습니다.";
				INFOPLIST_KEY_UIApplicationSceneManifest_Generation = YES;
				INFOPLIST_KEY_UIApplicationSupportsIndirectInputEvents = YES;
				INFOPLIST_KEY_UILaunchScreen_Generation = YES;
				LD_RUNPATH_SEARCH_PATHS = (
					"$(inherited)",
					"@executable_path/Frameworks",
				);
				PRODUCT_BUNDLE_IDENTIFIER = com.loveymoment.poc;
				SDKROOT = iphoneos;
				TARGETED_DEVICE_FAMILY = 1;
			};
			name = Release;
		};
/* End XCBuildConfiguration section */

/* Begin XCConfigurationList section */
		9C15E5B98D1A01E63113C50C /* Build configuration list for PBXProject "LoveyMoment" */ = {
			isa = XCConfigurationList;
			buildConfigurations = (
				01B48B407A308728577B5558 /* Debug */,
				AF2808261EE6CCE817C83493 /* Release */,
			);
			defaultConfigurationIsVisible = 0;
			defaultConfigurationName = Debug;
		};
		D78D81FB4A13B93BD09A0CDB /* Build configuration list for PBXNativeTarget "LoveyMoment" */ = {
			isa = XCConfigurationList;
			buildConfigurations = (
				5D585974B789F188010954A8 /* Debug */,
				E305875388AEA16EC832D4AF /* Release */,
			);
			defaultConfigurationIsVisible = 0;
			defaultConfigurationName = Debug;
		};
/* End XCConfigurationList section */
	};
	rootObject = C645FCEB0EF5D8416527BD5E /* Project object */;
}
